
Microsoft Visual Studio Solution File, Format Version 12.00
# Visual Studio 15
VisualStudioVersion = 15.0.27703.2042
MinimumVisualStudioVersion = 10.0.40219.1
Project("{888888A0-9F3D-457C-B088-3A5042F75D52}") = "django gw2 snatchit", "django gw2 snatchit\django gw2 snatchit.pyproj", "{27AC12E7-EDDD-4F46-BD9C-B67CACF788F4}"
EndProject
Project("{888888A0-9F3D-457C-B088-3A5042F75D52}") = "tradingpostmemes", "tradingpostmemes\tradingpostmemes.pyproj", "{3A4DA62B-8E05-4FFB-A729-41418CD54B89}"
EndProject
Global
	GlobalSection(SolutionConfigurationPlatforms) = preSolution
		Debug|Any CPU = Debug|Any CPU
		Release|Any CPU = Release|Any CPU
	EndGlobalSection
	GlobalSection(ProjectConfigurationPlatforms) = postSolution
		{27AC12E7-EDDD-4F46-BD9C-B67CACF788F4}.Debug|Any CPU.ActiveCfg = Debug|Any CPU
		{27AC12E7-EDDD-4F46-BD9C-B67CACF788F4}.Debug|Any CPU.Build.0 = Debug|Any CPU
		{27AC12E7-EDDD-4F46-BD9C-B67CACF788F4}.Release|Any CPU.ActiveCfg = Release|Any CPU
		{27AC12E7-EDDD-4F46-BD9C-B67CACF788F4}.Release|Any CPU.Build.0 = Release|Any CPU
		{3A4DA62B-8E05-4FFB-A729-41418CD54B89}.Debug|Any CPU.ActiveCfg = Debug|Any CPU
		{3A4DA62B-8E05-4FFB-A729-41418CD54B89}.Debug|Any CPU.Build.0 = Debug|Any CPU
		{3A4DA62B-8E05-4FFB-A729-41418CD54B89}.Release|Any CPU.ActiveCfg = Release|Any CPU
		{3A4DA62B-8E05-4FFB-A729-41418CD54B89}.Release|Any CPU.Build.0 = Release|Any CPU
	EndGlobalSection
	GlobalSection(SolutionProperties) = preSolution
		HideSolutionNode = FALSE
	EndGlobalSection
	GlobalSection(ExtensibilityGlobals) = postSolution
		SolutionGuid = {E5CBB7E8-2FEE-4EA5-AE7A-AED2B99B68C6}
	EndGlobalSection
EndGlobal
